{
  "name": "@vcueto/agent-viz",
  "version": "0.2.17",
  "lockfileVersion": 3,
  "requires": true,
  "packages": {
    "": {
      "name": "@vcueto/agent-viz",
      "version": "0.2.17",
      "license": "MIT",
      "bin": {
        "agent-viz": "bin/agent-viz.js"
      },
      "engines": {
        "node": ">=24"
      }
    }
  }
}
