{
  "name": "@vcueto/agent-viz",
  "version": "0.2.17",
  "lockfileVersion": 3,
  "requires": true,
  "packages": {
    "": {
      "name": "@vcueto/agent-viz",
      "version": "0.2.17",
      "license": "MIT",
      "dependencies": {
        "@vcueto/agent-viz": "^0.2.16"
      },
      "bin": {
        "agent-viz": "bin/agent-viz.js"
      },
      "engines": {
        "node": ">=24"
      }
    },
    "node_modules/@vcueto/agent-viz": {
      "version": "0.2.16",
      "resolved": "https://registry.npmjs.org/@vcueto/agent-viz/-/agent-viz-0.2.16.tgz",
      "integrity": "sha512-AyCH52P2AQgTHfit7x1nmW9OpYeLbtoARwiTIWQq7fyq2ASBLVsuC1lvSRImRSIiHMX5HpPQSEN8vF29fBbfig==",
      "license": "MIT",
      "bin": {
        "agent-viz": "bin/agent-viz.js"
      },
      "engines": {
        "node": ">=24"
      }
    }
  }
}
